Microsoft Visual Studio Solution File, Format Version 10.00
# Visual C++ Express 2008
Project("{8BC9CEB8-8B4A-11D0-8D11-00A0C91BC942}") = "libflopcpp", "libflopc.vcproj", "{98885124-894A-48BF-9C20-D9F389C92275}"
	ProjectSection(ProjectDependencies) = postProject
		{C4867F15-438D-4FF8-8388-62FBAAA9786C} = {C4867F15-438D-4FF8-8388-62FBAAA9786C}
		{7D98E2CB-876E-4F75-9F71-77D3FE87E149} = {7D98E2CB-876E-4F75-9F71-77D3FE87E149}
	EndProjectSection
EndProject
Project("{8BC9CEB8-8B4A-11D0-8D11-00A0C91BC942}") = "libCbc", "..\..\..\Cbc\MSVisualStudio\v9\libCbc\libCbc.vcproj", "{363BA154-FEC9-4E1E-BC23-93CEC58AB785}"
	ProjectSection(ProjectDependencies) = postProject
		{DBEA3904-F0B8-408A-9E1A-6497FEBE8C42} = {DBEA3904-F0B8-408A-9E1A-6497FEBE8C42}
		{C4867F15-438D-4FF8-8388-62FBAAA9786C} = {C4867F15-438D-4FF8-8388-62FBAAA9786C}
		{4F8F7D1C-3A9E-444D-8EE9-77F33FA05994} = {4F8F7D1C-3A9E-444D-8EE9-77F33FA05994}
	EndProjectSection
EndProject
Project("{8BC9CEB8-8B4A-11D0-8D11-00A0C91BC942}") = "libCgl", "..\..\..\Cgl\MSVisualStudio\v9\libCgl\libCgl.vcproj", "{DBEA3904-F0B8-408A-9E1A-6497FEBE8C42}"
	ProjectSection(ProjectDependencies) = postProject
		{C4867F15-438D-4FF8-8388-62FBAAA9786C} = {C4867F15-438D-4FF8-8388-62FBAAA9786C}
	EndProjectSection
EndProject
Project("{8BC9CEB8-8B4A-11D0-8D11-00A0C91BC942}") = "libClp", "..\..\..\Clp\MSVisualStudio\v9\libClp\libClp.vcproj", "{4F8F7D1C-3A9E-444D-8EE9-77F33FA05994}"
	ProjectSection(ProjectDependencies) = postProject
		{C4867F15-438D-4FF8-8388-62FBAAA9786C} = {C4867F15-438D-4FF8-8388-62FBAAA9786C}
	EndProjectSection
EndProject
Project("{8BC9CEB8-8B4A-11D0-8D11-00A0C91BC942}") = "libCoinUtils", "..\..\..\CoinUtils\MSVisualStudio\v9\libCoinUtils\libCoinUtils.vcproj", "{C4867F15-438D-4FF8-8388-62FBAAA9786C}"
EndProject
Project("{8BC9CEB8-8B4A-11D0-8D11-00A0C91BC942}") = "libOsi", "..\..\..\Osi\MSVisualStudio\v9\libOsi\libOsi.vcproj", "{7D98E2CB-876E-4F75-9F71-77D3FE87E149}"
	ProjectSection(ProjectDependencies) = postProject
		{C4867F15-438D-4FF8-8388-62FBAAA9786C} = {C4867F15-438D-4FF8-8388-62FBAAA9786C}
	EndProjectSection
EndProject
Project("{8BC9CEB8-8B4A-11D0-8D11-00A0C91BC942}") = "libOsiCbc", "..\..\..\Osi\MSVisualStudio\v9\libOsiCbc\libOsiCbc.vcproj", "{A4D8DB82-7DC6-45EE-AF08-2A6DD7E7AB56}"
	ProjectSection(ProjectDependencies) = postProject
		{DBEA3904-F0B8-408A-9E1A-6497FEBE8C42} = {DBEA3904-F0B8-408A-9E1A-6497FEBE8C42}
		{C4867F15-438D-4FF8-8388-62FBAAA9786C} = {C4867F15-438D-4FF8-8388-62FBAAA9786C}
		{4F8F7D1C-3A9E-444D-8EE9-77F33FA05994} = {4F8F7D1C-3A9E-444D-8EE9-77F33FA05994}
		{363BA154-FEC9-4E1E-BC23-93CEC58AB785} = {363BA154-FEC9-4E1E-BC23-93CEC58AB785}
		{02D45875-A8CF-41B9-990B-3699C0ECFE10} = {02D45875-A8CF-41B9-990B-3699C0ECFE10}
		{7D98E2CB-876E-4F75-9F71-77D3FE87E149} = {7D98E2CB-876E-4F75-9F71-77D3FE87E149}
	EndProjectSection
EndProject
Project("{8BC9CEB8-8B4A-11D0-8D11-00A0C91BC942}") = "libOsiClp", "..\..\..\Osi\MSVisualStudio\v9\libOsiClp\libOsiClp.vcproj", "{02D45875-A8CF-41B9-990B-3699C0ECFE10}"
	ProjectSection(ProjectDependencies) = postProject
		{C4867F15-438D-4FF8-8388-62FBAAA9786C} = {C4867F15-438D-4FF8-8388-62FBAAA9786C}
		{4F8F7D1C-3A9E-444D-8EE9-77F33FA05994} = {4F8F7D1C-3A9E-444D-8EE9-77F33FA05994}
	EndProjectSection
EndProject
Project("{8BC9CEB8-8B4A-11D0-8D11-00A0C91BC942}") = "aircraft", "examples\aircraft\aircraft.vcproj", "{26FEF589-5419-4C78-AFB0-D6759A0FE8D0}"
	ProjectSection(ProjectDependencies) = postProject
		{DBEA3904-F0B8-408A-9E1A-6497FEBE8C42} = {DBEA3904-F0B8-408A-9E1A-6497FEBE8C42}
		{C4867F15-438D-4FF8-8388-62FBAAA9786C} = {C4867F15-438D-4FF8-8388-62FBAAA9786C}
		{4F8F7D1C-3A9E-444D-8EE9-77F33FA05994} = {4F8F7D1C-3A9E-444D-8EE9-77F33FA05994}
		{98885124-894A-48BF-9C20-D9F389C92275} = {98885124-894A-48BF-9C20-D9F389C92275}
		{363BA154-FEC9-4E1E-BC23-93CEC58AB785} = {363BA154-FEC9-4E1E-BC23-93CEC58AB785}
		{02D45875-A8CF-41B9-990B-3699C0ECFE10} = {02D45875-A8CF-41B9-990B-3699C0ECFE10}
		{A4D8DB82-7DC6-45EE-AF08-2A6DD7E7AB56} = {A4D8DB82-7DC6-45EE-AF08-2A6DD7E7AB56}
		{7D98E2CB-876E-4F75-9F71-77D3FE87E149} = {7D98E2CB-876E-4F75-9F71-77D3FE87E149}
	EndProjectSection
EndProject
Project("{8BC9CEB8-8B4A-11D0-8D11-00A0C91BC942}") = "ampl", "examples\ampl\ampl.vcproj", "{24EB986C-A728-4CE6-A551-9C864E919290}"
	ProjectSection(ProjectDependencies) = postProject
		{DBEA3904-F0B8-408A-9E1A-6497FEBE8C42} = {DBEA3904-F0B8-408A-9E1A-6497FEBE8C42}
		{C4867F15-438D-4FF8-8388-62FBAAA9786C} = {C4867F15-438D-4FF8-8388-62FBAAA9786C}
		{4F8F7D1C-3A9E-444D-8EE9-77F33FA05994} = {4F8F7D1C-3A9E-444D-8EE9-77F33FA05994}
		{98885124-894A-48BF-9C20-D9F389C92275} = {98885124-894A-48BF-9C20-D9F389C92275}
		{363BA154-FEC9-4E1E-BC23-93CEC58AB785} = {363BA154-FEC9-4E1E-BC23-93CEC58AB785}
		{02D45875-A8CF-41B9-990B-3699C0ECFE10} = {02D45875-A8CF-41B9-990B-3699C0ECFE10}
		{A4D8DB82-7DC6-45EE-AF08-2A6DD7E7AB56} = {A4D8DB82-7DC6-45EE-AF08-2A6DD7E7AB56}
		{7D98E2CB-876E-4F75-9F71-77D3FE87E149} = {7D98E2CB-876E-4F75-9F71-77D3FE87E149}
	EndProjectSection
EndProject
Project("{8BC9CEB8-8B4A-11D0-8D11-00A0C91BC942}") = "bid", "examples\bid\bid.vcproj", "{8633E038-CDE2-4E76-B467-11206748E85E}"
	ProjectSection(ProjectDependencies) = postProject
		{DBEA3904-F0B8-408A-9E1A-6497FEBE8C42} = {DBEA3904-F0B8-408A-9E1A-6497FEBE8C42}
		{C4867F15-438D-4FF8-8388-62FBAAA9786C} = {C4867F15-438D-4FF8-8388-62FBAAA9786C}
		{4F8F7D1C-3A9E-444D-8EE9-77F33FA05994} = {4F8F7D1C-3A9E-444D-8EE9-77F33FA05994}
		{98885124-894A-48BF-9C20-D9F389C92275} = {98885124-894A-48BF-9C20-D9F389C92275}
		{363BA154-FEC9-4E1E-BC23-93CEC58AB785} = {363BA154-FEC9-4E1E-BC23-93CEC58AB785}
		{02D45875-A8CF-41B9-990B-3699C0ECFE10} = {02D45875-A8CF-41B9-990B-3699C0ECFE10}
		{A4D8DB82-7DC6-45EE-AF08-2A6DD7E7AB56} = {A4D8DB82-7DC6-45EE-AF08-2A6DD7E7AB56}
		{7D98E2CB-876E-4F75-9F71-77D3FE87E149} = {7D98E2CB-876E-4F75-9F71-77D3FE87E149}
	EndProjectSection
EndProject
Project("{8BC9CEB8-8B4A-11D0-8D11-00A0C91BC942}") = "coex", "examples\coex\coex.vcproj", "{477C931A-24BD-4CA4-96B1-8CA00438DEAC}"
	ProjectSection(ProjectDependencies) = postProject
		{DBEA3904-F0B8-408A-9E1A-6497FEBE8C42} = {DBEA3904-F0B8-408A-9E1A-6497FEBE8C42}
		{C4867F15-438D-4FF8-8388-62FBAAA9786C} = {C4867F15-438D-4FF8-8388-62FBAAA9786C}
		{4F8F7D1C-3A9E-444D-8EE9-77F33FA05994} = {4F8F7D1C-3A9E-444D-8EE9-77F33FA05994}
		{98885124-894A-48BF-9C20-D9F389C92275} = {98885124-894A-48BF-9C20-D9F389C92275}
		{363BA154-FEC9-4E1E-BC23-93CEC58AB785} = {363BA154-FEC9-4E1E-BC23-93CEC58AB785}
		{02D45875-A8CF-41B9-990B-3699C0ECFE10} = {02D45875-A8CF-41B9-990B-3699C0ECFE10}
		{A4D8DB82-7DC6-45EE-AF08-2A6DD7E7AB56} = {A4D8DB82-7DC6-45EE-AF08-2A6DD7E7AB56}
		{7D98E2CB-876E-4F75-9F71-77D3FE87E149} = {7D98E2CB-876E-4F75-9F71-77D3FE87E149}
	EndProjectSection
EndProject
Project("{8BC9CEB8-8B4A-11D0-8D11-00A0C91BC942}") = "coexx", "examples\coexx\coexx.vcproj", "{53ED1518-CC0A-4E09-83BA-97F97DA1341D}"
	ProjectSection(ProjectDependencies) = postProject
		{DBEA3904-F0B8-408A-9E1A-6497FEBE8C42} = {DBEA3904-F0B8-408A-9E1A-6497FEBE8C42}
		{C4867F15-438D-4FF8-8388-62FBAAA9786C} = {C4867F15-438D-4FF8-8388-62FBAAA9786C}
		{4F8F7D1C-3A9E-444D-8EE9-77F33FA05994} = {4F8F7D1C-3A9E-444D-8EE9-77F33FA05994}
		{98885124-894A-48BF-9C20-D9F389C92275} = {98885124-894A-48BF-9C20-D9F389C92275}
		{363BA154-FEC9-4E1E-BC23-93CEC58AB785} = {363BA154-FEC9-4E1E-BC23-93CEC58AB785}
		{02D45875-A8CF-41B9-990B-3699C0ECFE10} = {02D45875-A8CF-41B9-990B-3699C0ECFE10}
		{A4D8DB82-7DC6-45EE-AF08-2A6DD7E7AB56} = {A4D8DB82-7DC6-45EE-AF08-2A6DD7E7AB56}
		{7D98E2CB-876E-4F75-9F71-77D3FE87E149} = {7D98E2CB-876E-4F75-9F71-77D3FE87E149}
	EndProjectSection
EndProject
Project("{8BC9CEB8-8B4A-11D0-8D11-00A0C91BC942}") = "cross", "examples\cross\cross.vcproj", "{67B31AE3-CD09-44B3-AAD2-72F1375DBEF4}"
	ProjectSection(ProjectDependencies) = postProject
		{DBEA3904-F0B8-408A-9E1A-6497FEBE8C42} = {DBEA3904-F0B8-408A-9E1A-6497FEBE8C42}
		{C4867F15-438D-4FF8-8388-62FBAAA9786C} = {C4867F15-438D-4FF8-8388-62FBAAA9786C}
		{4F8F7D1C-3A9E-444D-8EE9-77F33FA05994} = {4F8F7D1C-3A9E-444D-8EE9-77F33FA05994}
		{98885124-894A-48BF-9C20-D9F389C92275} = {98885124-894A-48BF-9C20-D9F389C92275}
		{363BA154-FEC9-4E1E-BC23-93CEC58AB785} = {363BA154-FEC9-4E1E-BC23-93CEC58AB785}
		{02D45875-A8CF-41B9-990B-3699C0ECFE10} = {02D45875-A8CF-41B9-990B-3699C0ECFE10}
		{A4D8DB82-7DC6-45EE-AF08-2A6DD7E7AB56} = {A4D8DB82-7DC6-45EE-AF08-2A6DD7E7AB56}
		{7D98E2CB-876E-4F75-9F71-77D3FE87E149} = {7D98E2CB-876E-4F75-9F71-77D3FE87E149}
	EndProjectSection
EndProject
Project("{8BC9CEB8-8B4A-11D0-8D11-00A0C91BC942}") = "cuttingStock", "examples\cuttingStock\cuttingStock.vcproj", "{3E569D6F-D177-49FC-840E-A3370A50D25E}"
	ProjectSection(ProjectDependencies) = postProject
		{DBEA3904-F0B8-408A-9E1A-6497FEBE8C42} = {DBEA3904-F0B8-408A-9E1A-6497FEBE8C42}
		{C4867F15-438D-4FF8-8388-62FBAAA9786C} = {C4867F15-438D-4FF8-8388-62FBAAA9786C}
		{4F8F7D1C-3A9E-444D-8EE9-77F33FA05994} = {4F8F7D1C-3A9E-444D-8EE9-77F33FA05994}
		{98885124-894A-48BF-9C20-D9F389C92275} = {98885124-894A-48BF-9C20-D9F389C92275}
		{363BA154-FEC9-4E1E-BC23-93CEC58AB785} = {363BA154-FEC9-4E1E-BC23-93CEC58AB785}
		{02D45875-A8CF-41B9-990B-3699C0ECFE10} = {02D45875-A8CF-41B9-990B-3699C0ECFE10}
		{A4D8DB82-7DC6-45EE-AF08-2A6DD7E7AB56} = {A4D8DB82-7DC6-45EE-AF08-2A6DD7E7AB56}
		{7D98E2CB-876E-4F75-9F71-77D3FE87E149} = {7D98E2CB-876E-4F75-9F71-77D3FE87E149}
	EndProjectSection
EndProject
Project("{8BC9CEB8-8B4A-11D0-8D11-00A0C91BC942}") = "gapmin", "examples\gapmin\gapmin.vcproj", "{BFCEDAEB-07A7-450B-AA0B-34F99C2CCF62}"
	ProjectSection(ProjectDependencies) = postProject
		{DBEA3904-F0B8-408A-9E1A-6497FEBE8C42} = {DBEA3904-F0B8-408A-9E1A-6497FEBE8C42}
		{C4867F15-438D-4FF8-8388-62FBAAA9786C} = {C4867F15-438D-4FF8-8388-62FBAAA9786C}
		{4F8F7D1C-3A9E-444D-8EE9-77F33FA05994} = {4F8F7D1C-3A9E-444D-8EE9-77F33FA05994}
		{98885124-894A-48BF-9C20-D9F389C92275} = {98885124-894A-48BF-9C20-D9F389C92275}
		{363BA154-FEC9-4E1E-BC23-93CEC58AB785} = {363BA154-FEC9-4E1E-BC23-93CEC58AB785}
		{02D45875-A8CF-41B9-990B-3699C0ECFE10} = {02D45875-A8CF-41B9-990B-3699C0ECFE10}
		{A4D8DB82-7DC6-45EE-AF08-2A6DD7E7AB56} = {A4D8DB82-7DC6-45EE-AF08-2A6DD7E7AB56}
		{7D98E2CB-876E-4F75-9F71-77D3FE87E149} = {7D98E2CB-876E-4F75-9F71-77D3FE87E149}
	EndProjectSection
EndProject
Project("{8BC9CEB8-8B4A-11D0-8D11-00A0C91BC942}") = "magic", "examples\magic\magic.vcproj", "{7B2B17D2-FA8E-4AD1-B2D9-842AF86E9A02}"
	ProjectSection(ProjectDependencies) = postProject
		{DBEA3904-F0B8-408A-9E1A-6497FEBE8C42} = {DBEA3904-F0B8-408A-9E1A-6497FEBE8C42}
		{C4867F15-438D-4FF8-8388-62FBAAA9786C} = {C4867F15-438D-4FF8-8388-62FBAAA9786C}
		{4F8F7D1C-3A9E-444D-8EE9-77F33FA05994} = {4F8F7D1C-3A9E-444D-8EE9-77F33FA05994}
		{98885124-894A-48BF-9C20-D9F389C92275} = {98885124-894A-48BF-9C20-D9F389C92275}
		{363BA154-FEC9-4E1E-BC23-93CEC58AB785} = {363BA154-FEC9-4E1E-BC23-93CEC58AB785}
		{02D45875-A8CF-41B9-990B-3699C0ECFE10} = {02D45875-A8CF-41B9-990B-3699C0ECFE10}
		{A4D8DB82-7DC6-45EE-AF08-2A6DD7E7AB56} = {A4D8DB82-7DC6-45EE-AF08-2A6DD7E7AB56}
		{7D98E2CB-876E-4F75-9F71-77D3FE87E149} = {7D98E2CB-876E-4F75-9F71-77D3FE87E149}
	EndProjectSection
EndProject
Project("{8BC9CEB8-8B4A-11D0-8D11-00A0C91BC942}") = "mine", "examples\mine\mine.vcproj", "{274FDBCE-329B-4ECB-8498-3E33B0275402}"
	ProjectSection(ProjectDependencies) = postProject
		{DBEA3904-F0B8-408A-9E1A-6497FEBE8C42} = {DBEA3904-F0B8-408A-9E1A-6497FEBE8C42}
		{C4867F15-438D-4FF8-8388-62FBAAA9786C} = {C4867F15-438D-4FF8-8388-62FBAAA9786C}
		{4F8F7D1C-3A9E-444D-8EE9-77F33FA05994} = {4F8F7D1C-3A9E-444D-8EE9-77F33FA05994}
		{98885124-894A-48BF-9C20-D9F389C92275} = {98885124-894A-48BF-9C20-D9F389C92275}
		{363BA154-FEC9-4E1E-BC23-93CEC58AB785} = {363BA154-FEC9-4E1E-BC23-93CEC58AB785}
		{02D45875-A8CF-41B9-990B-3699C0ECFE10} = {02D45875-A8CF-41B9-990B-3699C0ECFE10}
		{A4D8DB82-7DC6-45EE-AF08-2A6DD7E7AB56} = {A4D8DB82-7DC6-45EE-AF08-2A6DD7E7AB56}
		{7D98E2CB-876E-4F75-9F71-77D3FE87E149} = {7D98E2CB-876E-4F75-9F71-77D3FE87E149}
	EndProjectSection
EndProject
Project("{8BC9CEB8-8B4A-11D0-8D11-00A0C91BC942}") = "multiProduct", "examples\multiProduct\multiProduct.vcproj", "{7A199298-07FC-4930-AB25-5E3045A8A4A5}"
	ProjectSection(ProjectDependencies) = postProject
		{DBEA3904-F0B8-408A-9E1A-6497FEBE8C42} = {DBEA3904-F0B8-408A-9E1A-6497FEBE8C42}
		{C4867F15-438D-4FF8-8388-62FBAAA9786C} = {C4867F15-438D-4FF8-8388-62FBAAA9786C}
		{4F8F7D1C-3A9E-444D-8EE9-77F33FA05994} = {4F8F7D1C-3A9E-444D-8EE9-77F33FA05994}
		{98885124-894A-48BF-9C20-D9F389C92275} = {98885124-894A-48BF-9C20-D9F389C92275}
		{363BA154-FEC9-4E1E-BC23-93CEC58AB785} = {363BA154-FEC9-4E1E-BC23-93CEC58AB785}
		{02D45875-A8CF-41B9-990B-3699C0ECFE10} = {02D45875-A8CF-41B9-990B-3699C0ECFE10}
		{A4D8DB82-7DC6-45EE-AF08-2A6DD7E7AB56} = {A4D8DB82-7DC6-45EE-AF08-2A6DD7E7AB56}
		{7D98E2CB-876E-4F75-9F71-77D3FE87E149} = {7D98E2CB-876E-4F75-9F71-77D3FE87E149}
	EndProjectSection
EndProject
Project("{8BC9CEB8-8B4A-11D0-8D11-00A0C91BC942}") = "stochBenders", "examples\stochBenders\stochBenders.vcproj", "{5A787C45-87CD-40F4-8007-CAB12C2D3CC5}"
	ProjectSection(ProjectDependencies) = postProject
		{DBEA3904-F0B8-408A-9E1A-6497FEBE8C42} = {DBEA3904-F0B8-408A-9E1A-6497FEBE8C42}
		{C4867F15-438D-4FF8-8388-62FBAAA9786C} = {C4867F15-438D-4FF8-8388-62FBAAA9786C}
		{4F8F7D1C-3A9E-444D-8EE9-77F33FA05994} = {4F8F7D1C-3A9E-444D-8EE9-77F33FA05994}
		{98885124-894A-48BF-9C20-D9F389C92275} = {98885124-894A-48BF-9C20-D9F389C92275}
		{363BA154-FEC9-4E1E-BC23-93CEC58AB785} = {363BA154-FEC9-4E1E-BC23-93CEC58AB785}
		{02D45875-A8CF-41B9-990B-3699C0ECFE10} = {02D45875-A8CF-41B9-990B-3699C0ECFE10}
		{A4D8DB82-7DC6-45EE-AF08-2A6DD7E7AB56} = {A4D8DB82-7DC6-45EE-AF08-2A6DD7E7AB56}
		{7D98E2CB-876E-4F75-9F71-77D3FE87E149} = {7D98E2CB-876E-4F75-9F71-77D3FE87E149}
	EndProjectSection
EndProject
Project("{8BC9CEB8-8B4A-11D0-8D11-00A0C91BC942}") = "sudoku", "examples\sudoku\sudoku.vcproj", "{53D79745-8CAE-4530-BAB2-0E091E3C3CB7}"
	ProjectSection(ProjectDependencies) = postProject
		{DBEA3904-F0B8-408A-9E1A-6497FEBE8C42} = {DBEA3904-F0B8-408A-9E1A-6497FEBE8C42}
		{C4867F15-438D-4FF8-8388-62FBAAA9786C} = {C4867F15-438D-4FF8-8388-62FBAAA9786C}
		{4F8F7D1C-3A9E-444D-8EE9-77F33FA05994} = {4F8F7D1C-3A9E-444D-8EE9-77F33FA05994}
		{98885124-894A-48BF-9C20-D9F389C92275} = {98885124-894A-48BF-9C20-D9F389C92275}
		{363BA154-FEC9-4E1E-BC23-93CEC58AB785} = {363BA154-FEC9-4E1E-BC23-93CEC58AB785}
		{02D45875-A8CF-41B9-990B-3699C0ECFE10} = {02D45875-A8CF-41B9-990B-3699C0ECFE10}
		{A4D8DB82-7DC6-45EE-AF08-2A6DD7E7AB56} = {A4D8DB82-7DC6-45EE-AF08-2A6DD7E7AB56}
		{7D98E2CB-876E-4F75-9F71-77D3FE87E149} = {7D98E2CB-876E-4F75-9F71-77D3FE87E149}
	EndProjectSection
EndProject
Project("{8BC9CEB8-8B4A-11D0-8D11-00A0C91BC942}") = "tap", "examples\tap\tap.vcproj", "{52756263-E868-4592-87EF-9E5F72DD5B69}"
	ProjectSection(ProjectDependencies) = postProject
		{DBEA3904-F0B8-408A-9E1A-6497FEBE8C42} = {DBEA3904-F0B8-408A-9E1A-6497FEBE8C42}
		{C4867F15-438D-4FF8-8388-62FBAAA9786C} = {C4867F15-438D-4FF8-8388-62FBAAA9786C}
		{4F8F7D1C-3A9E-444D-8EE9-77F33FA05994} = {4F8F7D1C-3A9E-444D-8EE9-77F33FA05994}
		{98885124-894A-48BF-9C20-D9F389C92275} = {98885124-894A-48BF-9C20-D9F389C92275}
		{363BA154-FEC9-4E1E-BC23-93CEC58AB785} = {363BA154-FEC9-4E1E-BC23-93CEC58AB785}
		{02D45875-A8CF-41B9-990B-3699C0ECFE10} = {02D45875-A8CF-41B9-990B-3699C0ECFE10}
		{A4D8DB82-7DC6-45EE-AF08-2A6DD7E7AB56} = {A4D8DB82-7DC6-45EE-AF08-2A6DD7E7AB56}
		{7D98E2CB-876E-4F75-9F71-77D3FE87E149} = {7D98E2CB-876E-4F75-9F71-77D3FE87E149}
	EndProjectSection
EndProject
Project("{8BC9CEB8-8B4A-11D0-8D11-00A0C91BC942}") = "train", "examples\train\train.vcproj", "{E3FBE1D7-180E-4E80-80C5-BA7D7690F04C}"
	ProjectSection(ProjectDependencies) = postProject
		{DBEA3904-F0B8-408A-9E1A-6497FEBE8C42} = {DBEA3904-F0B8-408A-9E1A-6497FEBE8C42}
		{C4867F15-438D-4FF8-8388-62FBAAA9786C} = {C4867F15-438D-4FF8-8388-62FBAAA9786C}
		{4F8F7D1C-3A9E-444D-8EE9-77F33FA05994} = {4F8F7D1C-3A9E-444D-8EE9-77F33FA05994}
		{98885124-894A-48BF-9C20-D9F389C92275} = {98885124-894A-48BF-9C20-D9F389C92275}
		{363BA154-FEC9-4E1E-BC23-93CEC58AB785} = {363BA154-FEC9-4E1E-BC23-93CEC58AB785}
		{02D45875-A8CF-41B9-990B-3699C0ECFE10} = {02D45875-A8CF-41B9-990B-3699C0ECFE10}
		{A4D8DB82-7DC6-45EE-AF08-2A6DD7E7AB56} = {A4D8DB82-7DC6-45EE-AF08-2A6DD7E7AB56}
		{7D98E2CB-876E-4F75-9F71-77D3FE87E149} = {7D98E2CB-876E-4F75-9F71-77D3FE87E149}
	EndProjectSection
EndProject
Project("{8BC9CEB8-8B4A-11D0-8D11-00A0C91BC942}") = "transport", "examples\transport\transport.vcproj", "{65B864A2-1F4E-4327-9AB5-4E7EDDC07930}"
	ProjectSection(ProjectDependencies) = postProject
		{DBEA3904-F0B8-408A-9E1A-6497FEBE8C42} = {DBEA3904-F0B8-408A-9E1A-6497FEBE8C42}
		{C4867F15-438D-4FF8-8388-62FBAAA9786C} = {C4867F15-438D-4FF8-8388-62FBAAA9786C}
		{4F8F7D1C-3A9E-444D-8EE9-77F33FA05994} = {4F8F7D1C-3A9E-444D-8EE9-77F33FA05994}
		{98885124-894A-48BF-9C20-D9F389C92275} = {98885124-894A-48BF-9C20-D9F389C92275}
		{363BA154-FEC9-4E1E-BC23-93CEC58AB785} = {363BA154-FEC9-4E1E-BC23-93CEC58AB785}
		{02D45875-A8CF-41B9-990B-3699C0ECFE10} = {02D45875-A8CF-41B9-990B-3699C0ECFE10}
		{A4D8DB82-7DC6-45EE-AF08-2A6DD7E7AB56} = {A4D8DB82-7DC6-45EE-AF08-2A6DD7E7AB56}
		{7D98E2CB-876E-4F75-9F71-77D3FE87E149} = {7D98E2CB-876E-4F75-9F71-77D3FE87E149}
	EndProjectSection
EndProject
Project("{8BC9CEB8-8B4A-11D0-8D11-00A0C91BC942}") = "xbsl", "examples\xbsl\xbsl.vcproj", "{1D514246-2CF0-4845-A495-DC6EC96A1024}"
	ProjectSection(ProjectDependencies) = postProject
		{DBEA3904-F0B8-408A-9E1A-6497FEBE8C42} = {DBEA3904-F0B8-408A-9E1A-6497FEBE8C42}
		{C4867F15-438D-4FF8-8388-62FBAAA9786C} = {C4867F15-438D-4FF8-8388-62FBAAA9786C}
		{4F8F7D1C-3A9E-444D-8EE9-77F33FA05994} = {4F8F7D1C-3A9E-444D-8EE9-77F33FA05994}
		{98885124-894A-48BF-9C20-D9F389C92275} = {98885124-894A-48BF-9C20-D9F389C92275}
		{363BA154-FEC9-4E1E-BC23-93CEC58AB785} = {363BA154-FEC9-4E1E-BC23-93CEC58AB785}
		{02D45875-A8CF-41B9-990B-3699C0ECFE10} = {02D45875-A8CF-41B9-990B-3699C0ECFE10}
		{A4D8DB82-7DC6-45EE-AF08-2A6DD7E7AB56} = {A4D8DB82-7DC6-45EE-AF08-2A6DD7E7AB56}
		{7D98E2CB-876E-4F75-9F71-77D3FE87E149} = {7D98E2CB-876E-4F75-9F71-77D3FE87E149}
	EndProjectSection
EndProject
Project("{8BC9CEB8-8B4A-11D0-8D11-00A0C91BC942}") = "unitTest", "FlopCpp\unitTest\unitTest.vcproj", "{FA6D0328-49EF-4682-9F86-D401D15810B1}"
	ProjectSection(ProjectDependencies) = postProject
		{DBEA3904-F0B8-408A-9E1A-6497FEBE8C42} = {DBEA3904-F0B8-408A-9E1A-6497FEBE8C42}
		{C4867F15-438D-4FF8-8388-62FBAAA9786C} = {C4867F15-438D-4FF8-8388-62FBAAA9786C}
		{4F8F7D1C-3A9E-444D-8EE9-77F33FA05994} = {4F8F7D1C-3A9E-444D-8EE9-77F33FA05994}
		{98885124-894A-48BF-9C20-D9F389C92275} = {98885124-894A-48BF-9C20-D9F389C92275}
		{363BA154-FEC9-4E1E-BC23-93CEC58AB785} = {363BA154-FEC9-4E1E-BC23-93CEC58AB785}
		{02D45875-A8CF-41B9-990B-3699C0ECFE10} = {02D45875-A8CF-41B9-990B-3699C0ECFE10}
		{A4D8DB82-7DC6-45EE-AF08-2A6DD7E7AB56} = {A4D8DB82-7DC6-45EE-AF08-2A6DD7E7AB56}
		{7D98E2CB-876E-4F75-9F71-77D3FE87E149} = {7D98E2CB-876E-4F75-9F71-77D3FE87E149}
	EndProjectSection
EndProject
Global
	GlobalSection(SolutionConfigurationPlatforms) = preSolution
		Debug|Win32 = Debug|Win32
		Release|Win32 = Release|Win32
	EndGlobalSection
	GlobalSection(ProjectConfigurationPlatforms) = postSolution
		{98885124-894A-48BF-9C20-D9F389C92275}.Debug|Win32.ActiveCfg = Debug|Win32
		{98885124-894A-48BF-9C20-D9F389C92275}.Debug|Win32.Build.0 = Debug|Win32
		{98885124-894A-48BF-9C20-D9F389C92275}.Release|Win32.ActiveCfg = Release|Win32
		{98885124-894A-48BF-9C20-D9F389C92275}.Release|Win32.Build.0 = Release|Win32
		{363BA154-FEC9-4E1E-BC23-93CEC58AB785}.Debug|Win32.ActiveCfg = Debug|Win32
		{363BA154-FEC9-4E1E-BC23-93CEC58AB785}.Debug|Win32.Build.0 = Debug|Win32
		{363BA154-FEC9-4E1E-BC23-93CEC58AB785}.Release|Win32.ActiveCfg = Release|Win32
		{363BA154-FEC9-4E1E-BC23-93CEC58AB785}.Release|Win32.Build.0 = Release|Win32
		{DBEA3904-F0B8-408A-9E1A-6497FEBE8C42}.Debug|Win32.ActiveCfg = Debug|Win32
		{DBEA3904-F0B8-408A-9E1A-6497FEBE8C42}.Debug|Win32.Build.0 = Debug|Win32
		{DBEA3904-F0B8-408A-9E1A-6497FEBE8C42}.Release|Win32.ActiveCfg = Release|Win32
		{DBEA3904-F0B8-408A-9E1A-6497FEBE8C42}.Release|Win32.Build.0 = Release|Win32
		{4F8F7D1C-3A9E-444D-8EE9-77F33FA05994}.Debug|Win32.ActiveCfg = Debug|Win32
		{4F8F7D1C-3A9E-444D-8EE9-77F33FA05994}.Debug|Win32.Build.0 = Debug|Win32
		{4F8F7D1C-3A9E-444D-8EE9-77F33FA05994}.Release|Win32.ActiveCfg = Release|Win32
		{4F8F7D1C-3A9E-444D-8EE9-77F33FA05994}.Release|Win32.Build.0 = Release|Win32
		{C4867F15-438D-4FF8-8388-62FBAAA9786C}.Debug|Win32.ActiveCfg = Debug|Win32
		{C4867F15-438D-4FF8-8388-62FBAAA9786C}.Debug|Win32.Build.0 = Debug|Win32
		{C4867F15-438D-4FF8-8388-62FBAAA9786C}.Release|Win32.ActiveCfg = Release|Win32
		{C4867F15-438D-4FF8-8388-62FBAAA9786C}.Release|Win32.Build.0 = Release|Win32
		{7D98E2CB-876E-4F75-9F71-77D3FE87E149}.Debug|Win32.ActiveCfg = Debug|Win32
		{7D98E2CB-876E-4F75-9F71-77D3FE87E149}.Debug|Win32.Build.0 = Debug|Win32
		{7D98E2CB-876E-4F75-9F71-77D3FE87E149}.Release|Win32.ActiveCfg = Release|Win32
		{7D98E2CB-876E-4F75-9F71-77D3FE87E149}.Release|Win32.Build.0 = Release|Win32
		{A4D8DB82-7DC6-45EE-AF08-2A6DD7E7AB56}.Debug|Win32.ActiveCfg = Debug|Win32
		{A4D8DB82-7DC6-45EE-AF08-2A6DD7E7AB56}.Debug|Win32.Build.0 = Debug|Win32
		{A4D8DB82-7DC6-45EE-AF08-2A6DD7E7AB56}.Release|Win32.ActiveCfg = Release|Win32
		{A4D8DB82-7DC6-45EE-AF08-2A6DD7E7AB56}.Release|Win32.Build.0 = Release|Win32
		{02D45875-A8CF-41B9-990B-3699C0ECFE10}.Debug|Win32.ActiveCfg = Debug|Win32
		{02D45875-A8CF-41B9-990B-3699C0ECFE10}.Debug|Win32.Build.0 = Debug|Win32
		{02D45875-A8CF-41B9-990B-3699C0ECFE10}.Release|Win32.ActiveCfg = Release|Win32
		{02D45875-A8CF-41B9-990B-3699C0ECFE10}.Release|Win32.Build.0 = Release|Win32
		{26FEF589-5419-4C78-AFB0-D6759A0FE8D0}.Debug|Win32.ActiveCfg = Debug|Win32
		{26FEF589-5419-4C78-AFB0-D6759A0FE8D0}.Debug|Win32.Build.0 = Debug|Win32
		{26FEF589-5419-4C78-AFB0-D6759A0FE8D0}.Release|Win32.ActiveCfg = Release|Win32
		{26FEF589-5419-4C78-AFB0-D6759A0FE8D0}.Release|Win32.Build.0 = Release|Win32
		{24EB986C-A728-4CE6-A551-9C864E919290}.Debug|Win32.ActiveCfg = Debug|Win32
		{24EB986C-A728-4CE6-A551-9C864E919290}.Debug|Win32.Build.0 = Debug|Win32
		{24EB986C-A728-4CE6-A551-9C864E919290}.Release|Win32.ActiveCfg = Release|Win32
		{24EB986C-A728-4CE6-A551-9C864E919290}.Release|Win32.Build.0 = Release|Win32
		{8633E038-CDE2-4E76-B467-11206748E85E}.Debug|Win32.ActiveCfg = Debug|Win32
		{8633E038-CDE2-4E76-B467-11206748E85E}.Debug|Win32.Build.0 = Debug|Win32
		{8633E038-CDE2-4E76-B467-11206748E85E}.Release|Win32.ActiveCfg = Release|Win32
		{8633E038-CDE2-4E76-B467-11206748E85E}.Release|Win32.Build.0 = Release|Win32
		{477C931A-24BD-4CA4-96B1-8CA00438DEAC}.Debug|Win32.ActiveCfg = Debug|Win32
		{477C931A-24BD-4CA4-96B1-8CA00438DEAC}.Debug|Win32.Build.0 = Debug|Win32
		{477C931A-24BD-4CA4-96B1-8CA00438DEAC}.Release|Win32.ActiveCfg = Release|Win32
		{477C931A-24BD-4CA4-96B1-8CA00438DEAC}.Release|Win32.Build.0 = Release|Win32
		{53ED1518-CC0A-4E09-83BA-97F97DA1341D}.Debug|Win32.ActiveCfg = Debug|Win32
		{53ED1518-CC0A-4E09-83BA-97F97DA1341D}.Debug|Win32.Build.0 = Debug|Win32
		{53ED1518-CC0A-4E09-83BA-97F97DA1341D}.Release|Win32.ActiveCfg = Release|Win32
		{53ED1518-CC0A-4E09-83BA-97F97DA1341D}.Release|Win32.Build.0 = Release|Win32
		{67B31AE3-CD09-44B3-AAD2-72F1375DBEF4}.Debug|Win32.ActiveCfg = Debug|Win32
		{67B31AE3-CD09-44B3-AAD2-72F1375DBEF4}.Debug|Win32.Build.0 = Debug|Win32
		{67B31AE3-CD09-44B3-AAD2-72F1375DBEF4}.Release|Win32.ActiveCfg = Release|Win32
		{67B31AE3-CD09-44B3-AAD2-72F1375DBEF4}.Release|Win32.Build.0 = Release|Win32
		{3E569D6F-D177-49FC-840E-A3370A50D25E}.Debug|Win32.ActiveCfg = Debug|Win32
		{3E569D6F-D177-49FC-840E-A3370A50D25E}.Debug|Win32.Build.0 = Debug|Win32
		{3E569D6F-D177-49FC-840E-A3370A50D25E}.Release|Win32.ActiveCfg = Release|Win32
		{3E569D6F-D177-49FC-840E-A3370A50D25E}.Release|Win32.Build.0 = Release|Win32
		{BFCEDAEB-07A7-450B-AA0B-34F99C2CCF62}.Debug|Win32.ActiveCfg = Debug|Win32
		{BFCEDAEB-07A7-450B-AA0B-34F99C2CCF62}.Debug|Win32.Build.0 = Debug|Win32
		{BFCEDAEB-07A7-450B-AA0B-34F99C2CCF62}.Release|Win32.ActiveCfg = Release|Win32
		{BFCEDAEB-07A7-450B-AA0B-34F99C2CCF62}.Release|Win32.Build.0 = Release|Win32
		{7B2B17D2-FA8E-4AD1-B2D9-842AF86E9A02}.Debug|Win32.ActiveCfg = Debug|Win32
		{7B2B17D2-FA8E-4AD1-B2D9-842AF86E9A02}.Debug|Win32.Build.0 = Debug|Win32
		{7B2B17D2-FA8E-4AD1-B2D9-842AF86E9A02}.Release|Win32.ActiveCfg = Release|Win32
		{7B2B17D2-FA8E-4AD1-B2D9-842AF86E9A02}.Release|Win32.Build.0 = Release|Win32
		{274FDBCE-329B-4ECB-8498-3E33B0275402}.Debug|Win32.ActiveCfg = Debug|Win32
		{274FDBCE-329B-4ECB-8498-3E33B0275402}.Debug|Win32.Build.0 = Debug|Win32
		{274FDBCE-329B-4ECB-8498-3E33B0275402}.Release|Win32.ActiveCfg = Release|Win32
		{274FDBCE-329B-4ECB-8498-3E33B0275402}.Release|Win32.Build.0 = Release|Win32
		{7A199298-07FC-4930-AB25-5E3045A8A4A5}.Debug|Win32.ActiveCfg = Debug|Win32
		{7A199298-07FC-4930-AB25-5E3045A8A4A5}.Debug|Win32.Build.0 = Debug|Win32
		{7A199298-07FC-4930-AB25-5E3045A8A4A5}.Release|Win32.ActiveCfg = Release|Win32
		{7A199298-07FC-4930-AB25-5E3045A8A4A5}.Release|Win32.Build.0 = Release|Win32
		{5A787C45-87CD-40F4-8007-CAB12C2D3CC5}.Debug|Win32.ActiveCfg = Debug|Win32
		{5A787C45-87CD-40F4-8007-CAB12C2D3CC5}.Debug|Win32.Build.0 = Debug|Win32
		{5A787C45-87CD-40F4-8007-CAB12C2D3CC5}.Release|Win32.ActiveCfg = Release|Win32
		{5A787C45-87CD-40F4-8007-CAB12C2D3CC5}.Release|Win32.Build.0 = Release|Win32
		{53D79745-8CAE-4530-BAB2-0E091E3C3CB7}.Debug|Win32.ActiveCfg = Debug|Win32
		{53D79745-8CAE-4530-BAB2-0E091E3C3CB7}.Debug|Win32.Build.0 = Debug|Win32
		{53D79745-8CAE-4530-BAB2-0E091E3C3CB7}.Release|Win32.ActiveCfg = Release|Win32
		{53D79745-8CAE-4530-BAB2-0E091E3C3CB7}.Release|Win32.Build.0 = Release|Win32
		{52756263-E868-4592-87EF-9E5F72DD5B69}.Debug|Win32.ActiveCfg = Debug|Win32
		{52756263-E868-4592-87EF-9E5F72DD5B69}.Debug|Win32.Build.0 = Debug|Win32
		{52756263-E868-4592-87EF-9E5F72DD5B69}.Release|Win32.ActiveCfg = Release|Win32
		{52756263-E868-4592-87EF-9E5F72DD5B69}.Release|Win32.Build.0 = Release|Win32
		{E3FBE1D7-180E-4E80-80C5-BA7D7690F04C}.Debug|Win32.ActiveCfg = Debug|Win32
		{E3FBE1D7-180E-4E80-80C5-BA7D7690F04C}.Debug|Win32.Build.0 = Debug|Win32
		{E3FBE1D7-180E-4E80-80C5-BA7D7690F04C}.Release|Win32.ActiveCfg = Release|Win32
		{E3FBE1D7-180E-4E80-80C5-BA7D7690F04C}.Release|Win32.Build.0 = Release|Win32
		{65B864A2-1F4E-4327-9AB5-4E7EDDC07930}.Debug|Win32.ActiveCfg = Debug|Win32
		{65B864A2-1F4E-4327-9AB5-4E7EDDC07930}.Debug|Win32.Build.0 = Debug|Win32
		{65B864A2-1F4E-4327-9AB5-4E7EDDC07930}.Release|Win32.ActiveCfg = Release|Win32
		{65B864A2-1F4E-4327-9AB5-4E7EDDC07930}.Release|Win32.Build.0 = Release|Win32
		{1D514246-2CF0-4845-A495-DC6EC96A1024}.Debug|Win32.ActiveCfg = Debug|Win32
		{1D514246-2CF0-4845-A495-DC6EC96A1024}.Debug|Win32.Build.0 = Debug|Win32
		{1D514246-2CF0-4845-A495-DC6EC96A1024}.Release|Win32.ActiveCfg = Release|Win32
		{1D514246-2CF0-4845-A495-DC6EC96A1024}.Release|Win32.Build.0 = Release|Win32
		{FA6D0328-49EF-4682-9F86-D401D15810B1}.Debug|Win32.ActiveCfg = Debug|Win32
		{FA6D0328-49EF-4682-9F86-D401D15810B1}.Debug|Win32.Build.0 = Debug|Win32
		{FA6D0328-49EF-4682-9F86-D401D15810B1}.Release|Win32.ActiveCfg = Release|Win32
		{FA6D0328-49EF-4682-9F86-D401D15810B1}.Release|Win32.Build.0 = Release|Win32
	EndGlobalSection
	GlobalSection(SolutionProperties) = preSolution
		HideSolutionNode = FALSE
	EndGlobalSection
EndGlobal
